
Microsoft Visual Studio Solution File, Format Version 12.00
# Visual Studio Version 16
VisualStudioVersion = 16.0.28822.285
MinimumVisualStudioVersion = 10.0.40219.1
Project("{FAE04EC0-301F-11D3-BF4B-00C04F79EFBC}") = "Pitch.Gateway.Api", "Pitch.Gateway.Api\Pitch.Gateway.Api.csproj", "{79D40D63-7577-44D2-8FEC-9E91D4DE6BCB}"
EndProject
Global
	GlobalSection(SolutionConfigurationPlatforms) = preSolution
		Debug|Any CPU = Debug|Any CPU
		Release|Any CPU = Release|Any CPU
	EndGlobalSection
	GlobalSection(ProjectConfigurationPlatforms) = postSolution
		{79D40D63-7577-44D2-8FEC-9E91D4DE6BCB}.Debug|Any CPU.ActiveCfg = Debug|Any CPU
		{79D40D63-7577-44D2-8FEC-9E91D4DE6BCB}.Debug|Any CPU.Build.0 = Debug|Any CPU
		{79D40D63-7577-44D2-8FEC-9E91D4DE6BCB}.Release|Any CPU.ActiveCfg = Release|Any CPU
		{79D40D63-7577-44D2-8FEC-9E91D4DE6BCB}.Release|Any CPU.Build.0 = Release|Any CPU
	EndGlobalSection
	GlobalSection(SolutionProperties) = preSolution
		HideSolutionNode = FALSE
	EndGlobalSection
	GlobalSection(ExtensibilityGlobals) = postSolution
		SolutionGuid = {3597595D-809C-46BE-A8BF-22E8292A2759}
	EndGlobalSection
EndGlobal
