
Microsoft Visual Studio Solution File, Format Version 12.00
# Visual Studio Version 16
VisualStudioVersion = 16.0.28917.182
MinimumVisualStudioVersion = 10.0.40219.1
Project("{9A19103F-16F7-4668-BE54-9A1E7A4F7556}") = "Pitch.Squad.API", "Pitch.Squad.API\Pitch.Squad.API.csproj", "{B3AB2070-FC28-466C-8062-DEF672D901F0}"
EndProject
Project("{FAE04EC0-301F-11D3-BF4B-00C04F79EFBC}") = "Pitch.Squad.API.Tests", "Pitch.Squad.API.Tests\Pitch.Squad.API.Tests.csproj", "{1ECD3917-8CFC-4F12-85AE-DD84C8EA2520}"
EndProject
Global
	GlobalSection(SolutionConfigurationPlatforms) = preSolution
		Debug|Any CPU = Debug|Any CPU
		Release|Any CPU = Release|Any CPU
	EndGlobalSection
	GlobalSection(ProjectConfigurationPlatforms) = postSolution
		{B3AB2070-FC28-466C-8062-DEF672D901F0}.Debug|Any CPU.ActiveCfg = Debug|Any CPU
		{B3AB2070-FC28-466C-8062-DEF672D901F0}.Debug|Any CPU.Build.0 = Debug|Any CPU
		{B3AB2070-FC28-466C-8062-DEF672D901F0}.Release|Any CPU.ActiveCfg = Release|Any CPU
		{B3AB2070-FC28-466C-8062-DEF672D901F0}.Release|Any CPU.Build.0 = Release|Any CPU
		{1ECD3917-8CFC-4F12-85AE-DD84C8EA2520}.Debug|Any CPU.ActiveCfg = Debug|Any CPU
		{1ECD3917-8CFC-4F12-85AE-DD84C8EA2520}.Debug|Any CPU.Build.0 = Debug|Any CPU
		{1ECD3917-8CFC-4F12-85AE-DD84C8EA2520}.Release|Any CPU.ActiveCfg = Release|Any CPU
		{1ECD3917-8CFC-4F12-85AE-DD84C8EA2520}.Release|Any CPU.Build.0 = Release|Any CPU
	EndGlobalSection
	GlobalSection(SolutionProperties) = preSolution
		HideSolutionNode = FALSE
	EndGlobalSection
	GlobalSection(ExtensibilityGlobals) = postSolution
		SolutionGuid = {6431314E-0075-4447-B962-4F56FCDB6222}
	EndGlobalSection
EndGlobal
