
Microsoft Visual Studio Solution File, Format Version 12.00
# Visual Studio Version 16
VisualStudioVersion = 16.0.29006.145
MinimumVisualStudioVersion = 10.0.40219.1
Project("{9A19103F-16F7-4668-BE54-9A1E7A4F7556}") = "Pitch.Match.API", "Pitch.Match.API\Pitch.Match.API.csproj", "{43567F0A-9F30-4778-98E0-79201FD03119}"
EndProject
Project("{9A19103F-16F7-4668-BE54-9A1E7A4F7556}") = "Pitch.Match.API.Tests", "Pitch.Match.API.Tests\Pitch.Match.API.Tests.csproj", "{A0EE2E2D-916D-4C72-B083-464163AEE11A}"
EndProject
Global
	GlobalSection(SolutionConfigurationPlatforms) = preSolution
		Debug|Any CPU = Debug|Any CPU
		Release|Any CPU = Release|Any CPU
	EndGlobalSection
	GlobalSection(ProjectConfigurationPlatforms) = postSolution
		{43567F0A-9F30-4778-98E0-79201FD03119}.Debug|Any CPU.ActiveCfg = Debug|Any CPU
		{43567F0A-9F30-4778-98E0-79201FD03119}.Debug|Any CPU.Build.0 = Debug|Any CPU
		{43567F0A-9F30-4778-98E0-79201FD03119}.Release|Any CPU.ActiveCfg = Release|Any CPU
		{43567F0A-9F30-4778-98E0-79201FD03119}.Release|Any CPU.Build.0 = Release|Any CPU
		{A0EE2E2D-916D-4C72-B083-464163AEE11A}.Debug|Any CPU.ActiveCfg = Debug|Any CPU
		{A0EE2E2D-916D-4C72-B083-464163AEE11A}.Debug|Any CPU.Build.0 = Debug|Any CPU
		{A0EE2E2D-916D-4C72-B083-464163AEE11A}.Release|Any CPU.ActiveCfg = Release|Any CPU
		{A0EE2E2D-916D-4C72-B083-464163AEE11A}.Release|Any CPU.Build.0 = Release|Any CPU
	EndGlobalSection
	GlobalSection(SolutionProperties) = preSolution
		HideSolutionNode = FALSE
	EndGlobalSection
	GlobalSection(ExtensibilityGlobals) = postSolution
		SolutionGuid = {4A5227FA-B037-4181-BCA1-8D0F5C4ABA9D}
	EndGlobalSection
EndGlobal
