
Microsoft Visual Studio Solution File, Format Version 12.00
# Visual Studio Version 16
VisualStudioVersion = 16.0.28902.138
MinimumVisualStudioVersion = 15.0.26124.0
Project("{9A19103F-16F7-4668-BE54-9A1E7A4F7556}") = "Pitch.Identity.API", "Pitch.Identity.API\Pitch.Identity.API.csproj", "{59A2BC5E-BDC1-4208-8BDA-27906C43FC78}"
EndProject
Project("{FAE04EC0-301F-11D3-BF4B-00C04F79EFBC}") = "Pitch.Identity.API.Tests", "Pitch.Identity.API.Tests\Pitch.Identity.API.Tests.csproj", "{BCA29B64-26F6-4309-95E6-2A4264CF76F2}"
EndProject
Global
	GlobalSection(SolutionConfigurationPlatforms) = preSolution
		Debug|Any CPU = Debug|Any CPU
		Debug|x64 = Debug|x64
		Debug|x86 = Debug|x86
		Release|Any CPU = Release|Any CPU
		Release|x64 = Release|x64
		Release|x86 = Release|x86
	EndGlobalSection
	GlobalSection(ProjectConfigurationPlatforms) = postSolution
		{59A2BC5E-BDC1-4208-8BDA-27906C43FC78}.Debug|Any CPU.ActiveCfg = Debug|Any CPU
		{59A2BC5E-BDC1-4208-8BDA-27906C43FC78}.Debug|Any CPU.Build.0 = Debug|Any CPU
		{59A2BC5E-BDC1-4208-8BDA-27906C43FC78}.Debug|x64.ActiveCfg = Debug|Any CPU
		{59A2BC5E-BDC1-4208-8BDA-27906C43FC78}.Debug|x64.Build.0 = Debug|Any CPU
		{59A2BC5E-BDC1-4208-8BDA-27906C43FC78}.Debug|x86.ActiveCfg = Debug|Any CPU
		{59A2BC5E-BDC1-4208-8BDA-27906C43FC78}.Debug|x86.Build.0 = Debug|Any CPU
		{59A2BC5E-BDC1-4208-8BDA-27906C43FC78}.Release|Any CPU.ActiveCfg = Release|Any CPU
		{59A2BC5E-BDC1-4208-8BDA-27906C43FC78}.Release|Any CPU.Build.0 = Release|Any CPU
		{59A2BC5E-BDC1-4208-8BDA-27906C43FC78}.Release|x64.ActiveCfg = Release|Any CPU
		{59A2BC5E-BDC1-4208-8BDA-27906C43FC78}.Release|x64.Build.0 = Release|Any CPU
		{59A2BC5E-BDC1-4208-8BDA-27906C43FC78}.Release|x86.ActiveCfg = Release|Any CPU
		{59A2BC5E-BDC1-4208-8BDA-27906C43FC78}.Release|x86.Build.0 = Release|Any CPU
		{BCA29B64-26F6-4309-95E6-2A4264CF76F2}.Debug|Any CPU.ActiveCfg = Debug|Any CPU
		{BCA29B64-26F6-4309-95E6-2A4264CF76F2}.Debug|Any CPU.Build.0 = Debug|Any CPU
		{BCA29B64-26F6-4309-95E6-2A4264CF76F2}.Debug|x64.ActiveCfg = Debug|Any CPU
		{BCA29B64-26F6-4309-95E6-2A4264CF76F2}.Debug|x64.Build.0 = Debug|Any CPU
		{BCA29B64-26F6-4309-95E6-2A4264CF76F2}.Debug|x86.ActiveCfg = Debug|Any CPU
		{BCA29B64-26F6-4309-95E6-2A4264CF76F2}.Debug|x86.Build.0 = Debug|Any CPU
		{BCA29B64-26F6-4309-95E6-2A4264CF76F2}.Release|Any CPU.ActiveCfg = Release|Any CPU
		{BCA29B64-26F6-4309-95E6-2A4264CF76F2}.Release|Any CPU.Build.0 = Release|Any CPU
		{BCA29B64-26F6-4309-95E6-2A4264CF76F2}.Release|x64.ActiveCfg = Release|Any CPU
		{BCA29B64-26F6-4309-95E6-2A4264CF76F2}.Release|x64.Build.0 = Release|Any CPU
		{BCA29B64-26F6-4309-95E6-2A4264CF76F2}.Release|x86.ActiveCfg = Release|Any CPU
		{BCA29B64-26F6-4309-95E6-2A4264CF76F2}.Release|x86.Build.0 = Release|Any CPU
	EndGlobalSection
	GlobalSection(SolutionProperties) = preSolution
		HideSolutionNode = FALSE
	EndGlobalSection
	GlobalSection(ExtensibilityGlobals) = postSolution
		SolutionGuid = {881B068C-D0F8-438A-8727-D40282C16F7E}
	EndGlobalSection
EndGlobal
