
Microsoft Visual Studio Solution File, Format Version 12.00
# Visual Studio Version 16
VisualStudioVersion = 16.0.28902.138
MinimumVisualStudioVersion = 10.0.40219.1
Project("{FAE04EC0-301F-11D3-BF4B-00C04F79EFBC}") = "Pitch.Player.Api", "Pitch.Player.Api\Pitch.Player.Api.csproj", "{1D0644FF-88D6-4E75-8FD3-1D8537CC1704}"
EndProject
Project("{FAE04EC0-301F-11D3-BF4B-00C04F79EFBC}") = "Pitch.Player.Tests", "Pitch.Player.Tests\Pitch.Player.Tests.csproj", "{9FAEC7E1-B68C-459D-9C3B-8178BF15EB68}"
EndProject
Global
	GlobalSection(SolutionConfigurationPlatforms) = preSolution
		Debug|Any CPU = Debug|Any CPU
		Release|Any CPU = Release|Any CPU
	EndGlobalSection
	GlobalSection(ProjectConfigurationPlatforms) = postSolution
		{1D0644FF-88D6-4E75-8FD3-1D8537CC1704}.Debug|Any CPU.ActiveCfg = Debug|Any CPU
		{1D0644FF-88D6-4E75-8FD3-1D8537CC1704}.Debug|Any CPU.Build.0 = Debug|Any CPU
		{1D0644FF-88D6-4E75-8FD3-1D8537CC1704}.Release|Any CPU.ActiveCfg = Release|Any CPU
		{1D0644FF-88D6-4E75-8FD3-1D8537CC1704}.Release|Any CPU.Build.0 = Release|Any CPU
		{9FAEC7E1-B68C-459D-9C3B-8178BF15EB68}.Debug|Any CPU.ActiveCfg = Debug|Any CPU
		{9FAEC7E1-B68C-459D-9C3B-8178BF15EB68}.Debug|Any CPU.Build.0 = Debug|Any CPU
		{9FAEC7E1-B68C-459D-9C3B-8178BF15EB68}.Release|Any CPU.ActiveCfg = Release|Any CPU
		{9FAEC7E1-B68C-459D-9C3B-8178BF15EB68}.Release|Any CPU.Build.0 = Release|Any CPU
	EndGlobalSection
	GlobalSection(SolutionProperties) = preSolution
		HideSolutionNode = FALSE
	EndGlobalSection
	GlobalSection(ExtensibilityGlobals) = postSolution
		SolutionGuid = {2955763B-B65A-43DD-A0A5-0CE3493C48D9}
	EndGlobalSection
EndGlobal
