
Microsoft Visual Studio Solution File, Format Version 12.00
# Visual Studio Version 16
VisualStudioVersion = 16.0.28902.138
MinimumVisualStudioVersion = 10.0.40219.1
Project("{9A19103F-16F7-4668-BE54-9A1E7A4F7556}") = "Pitch.Player.API", "Pitch.Player.API\Pitch.Player.API.csproj", "{1D0644FF-88D6-4E75-8FD3-1D8537CC1704}"
EndProject
Project("{FAE04EC0-301F-11D3-BF4B-00C04F79EFBC}") = "Pitch.Player.API.Tests", "Pitch.Player.API.Tests\Pitch.Player.API.Tests.csproj", "{3C088D8B-7ECB-44D9-8ADE-D941D2E8E5C7}"
EndProject
Global
	GlobalSection(SolutionConfigurationPlatforms) = preSolution
		Debug|Any CPU = Debug|Any CPU
		Release|Any CPU = Release|Any CPU
	EndGlobalSection
	GlobalSection(ProjectConfigurationPlatforms) = postSolution
		{1D0644FF-88D6-4E75-8FD3-1D8537CC1704}.Debug|Any CPU.ActiveCfg = Debug|Any CPU
		{1D0644FF-88D6-4E75-8FD3-1D8537CC1704}.Debug|Any CPU.Build.0 = Debug|Any CPU
		{1D0644FF-88D6-4E75-8FD3-1D8537CC1704}.Release|Any CPU.ActiveCfg = Release|Any CPU
		{1D0644FF-88D6-4E75-8FD3-1D8537CC1704}.Release|Any CPU.Build.0 = Release|Any CPU
		{3C088D8B-7ECB-44D9-8ADE-D941D2E8E5C7}.Debug|Any CPU.ActiveCfg = Debug|Any CPU
		{3C088D8B-7ECB-44D9-8ADE-D941D2E8E5C7}.Debug|Any CPU.Build.0 = Debug|Any CPU
		{3C088D8B-7ECB-44D9-8ADE-D941D2E8E5C7}.Release|Any CPU.ActiveCfg = Release|Any CPU
		{3C088D8B-7ECB-44D9-8ADE-D941D2E8E5C7}.Release|Any CPU.Build.0 = Release|Any CPU
	EndGlobalSection
	GlobalSection(SolutionProperties) = preSolution
		HideSolutionNode = FALSE
	EndGlobalSection
	GlobalSection(ExtensibilityGlobals) = postSolution
		SolutionGuid = {2955763B-B65A-43DD-A0A5-0CE3493C48D9}
	EndGlobalSection
EndGlobal
